
Microsoft Visual Studio Solution File, Format Version 12.00
# Visual Studio Version 17
VisualStudioVersion = 17.2.32616.157
MinimumVisualStudioVersion = 10.0.40219.1
Project("{FAE04EC0-301F-11D3-BF4B-00C04F79EFBC}") = "TestNinja", "TestNinja\TestNinja.csproj", "{7328740E-4B78-464F-8352-65D887F2145F}"
EndProject
Project("{FAE04EC0-301F-11D3-BF4B-00C04F79EFBC}") = "Test.UnitTest", "Test.UnitTest\Test.UnitTest.csproj", "{BF335947-965B-4912-9749-55C061FCB1CF}"
EndProject
Global
	GlobalSection(SolutionConfigurationPlatforms) = preSolution
		Debug|Any CPU = Debug|Any CPU
		Release|Any CPU = Release|Any CPU
	EndGlobalSection
	GlobalSection(ProjectConfigurationPlatforms) = postSolution
		{7328740E-4B78-464F-8352-65D887F2145F}.Debug|Any CPU.ActiveCfg = Debug|Any CPU
		{7328740E-4B78-464F-8352-65D887F2145F}.Debug|Any CPU.Build.0 = Debug|Any CPU
		{7328740E-4B78-464F-8352-65D887F2145F}.Release|Any CPU.ActiveCfg = Release|Any CPU
		{7328740E-4B78-464F-8352-65D887F2145F}.Release|Any CPU.Build.0 = Release|Any CPU
		{7328740E-4B78-464F-8352-65D887F2145F}.Debug|Any CPU.Deploy.0 = Debug|Any CPU
		{BF335947-965B-4912-9749-55C061FCB1CF}.Debug|Any CPU.ActiveCfg = Debug|Any CPU
		{BF335947-965B-4912-9749-55C061FCB1CF}.Debug|Any CPU.Build.0 = Debug|Any CPU
		{BF335947-965B-4912-9749-55C061FCB1CF}.Release|Any CPU.ActiveCfg = Release|Any CPU
		{BF335947-965B-4912-9749-55C061FCB1CF}.Release|Any CPU.Build.0 = Release|Any CPU
		{BF335947-965B-4912-9749-55C061FCB1CF}.Debug|Any CPU.Deploy.0 = Debug|Any CPU
	EndGlobalSection
	GlobalSection(SolutionProperties) = preSolution
		HideSolutionNode = FALSE
	EndGlobalSection
	GlobalSection(ExtensibilityGlobals) = postSolution
		SolutionGuid = {B64D4CBD-1E0F-4C95-AB7E-8682DF7BE5CF}
	EndGlobalSection
EndGlobal
